
Microsoft Visual Studio Solution File, Format Version 12.00
# Visual Studio Version 17
VisualStudioVersion = 17.3.32929.385
MinimumVisualStudioVersion = 10.0.40219.1
Project("{9A19103F-16F7-4668-BE54-9A1E7A4F7556}") = "FoxholeTrainLogistics", "FoxholeTrainLogistics\FoxholeTrainLogistics.csproj", "{0B14DC5C-725A-41CE-AF40-570195A02F51}"
	ProjectSection(ProjectDependencies) = postProject
		{00038C8D-F4B6-4779-8DF5-2BDFFC48B0A0} = {00038C8D-F4B6-4779-8DF5-2BDFFC48B0A0}
	EndProjectSection
EndProject
Project("{9A19103F-16F7-4668-BE54-9A1E7A4F7556}") = "FoxholeItemAPI_Tests", "FoxholeItemAPI_Tests\FoxholeItemAPI_Tests.csproj", "{61213172-AA69-4FF1-8CA9-5F7F60339EFB}"
EndProject
Project("{9A19103F-16F7-4668-BE54-9A1E7A4F7556}") = "FoxholeItemAPI", "FoxholeItemAPI_Web\FoxholeItemAPI.csproj", "{00038C8D-F4B6-4779-8DF5-2BDFFC48B0A0}"
EndProject
Global
	GlobalSection(SolutionConfigurationPlatforms) = preSolution
		Debug|Any CPU = Debug|Any CPU
		Release|Any CPU = Release|Any CPU
	EndGlobalSection
	GlobalSection(ProjectConfigurationPlatforms) = postSolution
		{0B14DC5C-725A-41CE-AF40-570195A02F51}.Debug|Any CPU.ActiveCfg = Debug|Any CPU
		{0B14DC5C-725A-41CE-AF40-570195A02F51}.Debug|Any CPU.Build.0 = Debug|Any CPU
		{0B14DC5C-725A-41CE-AF40-570195A02F51}.Release|Any CPU.ActiveCfg = Release|Any CPU
		{0B14DC5C-725A-41CE-AF40-570195A02F51}.Release|Any CPU.Build.0 = Release|Any CPU
		{61213172-AA69-4FF1-8CA9-5F7F60339EFB}.Debug|Any CPU.ActiveCfg = Debug|Any CPU
		{61213172-AA69-4FF1-8CA9-5F7F60339EFB}.Debug|Any CPU.Build.0 = Debug|Any CPU
		{61213172-AA69-4FF1-8CA9-5F7F60339EFB}.Release|Any CPU.ActiveCfg = Release|Any CPU
		{61213172-AA69-4FF1-8CA9-5F7F60339EFB}.Release|Any CPU.Build.0 = Release|Any CPU
		{00038C8D-F4B6-4779-8DF5-2BDFFC48B0A0}.Debug|Any CPU.ActiveCfg = Debug|Any CPU
		{00038C8D-F4B6-4779-8DF5-2BDFFC48B0A0}.Debug|Any CPU.Build.0 = Debug|Any CPU
		{00038C8D-F4B6-4779-8DF5-2BDFFC48B0A0}.Release|Any CPU.ActiveCfg = Release|Any CPU
		{00038C8D-F4B6-4779-8DF5-2BDFFC48B0A0}.Release|Any CPU.Build.0 = Release|Any CPU
	EndGlobalSection
	GlobalSection(SolutionProperties) = preSolution
		HideSolutionNode = FALSE
	EndGlobalSection
	GlobalSection(ExtensibilityGlobals) = postSolution
		SolutionGuid = {02D767BD-0C51-4C1C-B5F6-B65430DDA921}
	EndGlobalSection
EndGlobal
